
Microsoft Visual Studio Solution File, Format Version 12.00
# Visual Studio 15
VisualStudioVersion = 15.0.28307.271
MinimumVisualStudioVersion = 10.0.40219.1
Project("{FAE04EC0-301F-11D3-BF4B-00C04F79EFBC}") = "NDU", "NDU\NDU.csproj", "{A56BEE09-9705-4E05-88C3-5E76721B3E8A}"
EndProject
Global
	GlobalSection(SolutionConfigurationPlatforms) = preSolution
		Debug|Any CPU = Debug|Any CPU
		Release|Any CPU = Release|Any CPU
	EndGlobalSection
	GlobalSection(ProjectConfigurationPlatforms) = postSolution
		{A56BEE09-9705-4E05-88C3-5E76721B3E8A}.Debug|Any CPU.ActiveCfg = Debug|Any CPU
		{A56BEE09-9705-4E05-88C3-5E76721B3E8A}.Debug|Any CPU.Build.0 = Debug|Any CPU
		{A56BEE09-9705-4E05-88C3-5E76721B3E8A}.Release|Any CPU.ActiveCfg = Release|Any CPU
		{A56BEE09-9705-4E05-88C3-5E76721B3E8A}.Release|Any CPU.Build.0 = Release|Any CPU
	EndGlobalSection
	GlobalSection(SolutionProperties) = preSolution
		HideSolutionNode = FALSE
	EndGlobalSection
	GlobalSection(ExtensibilityGlobals) = postSolution
		SolutionGuid = {6FD67CF7-7032-469B-9D7F-FFF8CF84A9FB}
	EndGlobalSection
EndGlobal
